PODS:
  - UIKitBecaiOS (2.3.7)

DEPENDENCIES:
  - UIKitBecaiOS (from `https://github.com/henrymelo/UIKitBecaiOS.git`)

EXTERNAL SOURCES:
  UIKitBecaiOS:
    :git: https://github.com/henrymelo/UIKitBecaiOS.git

CHECKOUT OPTIONS:
  UIKitBecaiOS:
    :commit: f0b0a4696148602383fe9a804a42caae32db24fc
    :git: https://github.com/henrymelo/UIKitBecaiOS.git

SPEC CHECKSUMS:
  UIKitBecaiOS: e0b8ac2840104bac3d5cdf3d224baa9949973094

PODFILE CHECKSUM: 1faa227c88fb99659613f95a5fb5a43ef81d3af3

COCOAPODS: 1.8.3
